// !$*UTF8*$!
{
	archiveVersion = 1;
	classes = {
	};
	objectVersion = 46;
	objects = {

/* Begin PBXBuildFile section */
		5FDE65AC243FCD6900B5766E /* libhidsupport.dylib in Frameworks */ = {isa = PBXBuildFile; fileRef = 718EAEDA16C773F20034B963 /* libhidsupport.dylib */; };
		5FDE65AD243FCF1600B5766E /* AppSupport.framework in Frameworks */ = {isa = PBXBuildFile; fileRef = 710EDE3F16C037D20055E48C /* AppSupport.framework */; };
		5FDE65C024401ED500B5766E /* Icon-App-1024x1024.png in Resources */ = {isa = PBXBuildFile; fileRef = 5FDE65B024401ED400B5766E /* Icon-App-1024x1024.png */; };
		5FDE65C124401ED500B5766E /* Icon-App-60x60@2x.png in Resources */ = {isa = PBXBuildFile; fileRef = 5FDE65B124401ED400B5766E /* Icon-App-60x60@2x.png */; };
		5FDE65C224401ED500B5766E /* Icon-App-29x29@2x.png in Resources */ = {isa = PBXBuildFile; fileRef = 5FDE65B224401ED400B5766E /* Icon-App-29x29@2x.png */; };
		5FDE65C324401ED500B5766E /* Icon-App-40x40@2x.png in Resources */ = {isa = PBXBuildFile; fileRef = 5FDE65B324401ED400B5766E /* Icon-App-40x40@2x.png */; };
		5FDE65C424401ED500B5766E /* Icon-App-40x40@3x.png in Resources */ = {isa = PBXBuildFile; fileRef = 5FDE65B424401ED400B5766E /* Icon-App-40x40@3x.png */; };
		5FDE65C524401ED500B5766E /* Icon-App-20x20@1x.png in Resources */ = {isa = PBXBuildFile; fileRef = 5FDE65B524401ED400B5766E /* Icon-App-20x20@1x.png */; };
		5FDE65C624401ED500B5766E /* Icon-App-76x76@1x.png in Resources */ = {isa = PBXBuildFile; fileRef = 5FDE65B624401ED400B5766E /* Icon-App-76x76@1x.png */; };
		5FDE65C724401ED500B5766E /* Icon-App-60x60@1x.png in Resources */ = {isa = PBXBuildFile; fileRef = 5FDE65B724401ED400B5766E /* Icon-App-60x60@1x.png */; };
		5FDE65C824401ED500B5766E /* Icon-App-29x29@3x.png in Resources */ = {isa = PBXBuildFile; fileRef = 5FDE65B824401ED400B5766E /* Icon-App-29x29@3x.png */; };
		5FDE65C924401ED500B5766E /* Icon-App-40x40@1x.png in Resources */ = {isa = PBXBuildFile; fileRef = 5FDE65B924401ED500B5766E /* Icon-App-40x40@1x.png */; };
		5FDE65CA24401ED500B5766E /* Icon-App-20x20@3x.png in Resources */ = {isa = PBXBuildFile; fileRef = 5FDE65BA24401ED500B5766E /* Icon-App-20x20@3x.png */; };
		5FDE65CB24401ED500B5766E /* Icon-App-29x29@1x.png in Resources */ = {isa = PBXBuildFile; fileRef = 5FDE65BB24401ED500B5766E /* Icon-App-29x29@1x.png */; };
		5FDE65CC24401ED500B5766E /* Icon-App-60x60@3x.png in Resources */ = {isa = PBXBuildFile; fileRef = 5FDE65BC24401ED500B5766E /* Icon-App-60x60@3x.png */; };
		5FDE65CD24401ED500B5766E /* Icon-App-83.5x83.5@2x.png in Resources */ = {isa = PBXBuildFile; fileRef = 5FDE65BD24401ED500B5766E /* Icon-App-83.5x83.5@2x.png */; };
		5FDE65CE24401ED500B5766E /* Icon-App-76x76@2x.png in Resources */ = {isa = PBXBuildFile; fileRef = 5FDE65BE24401ED500B5766E /* Icon-App-76x76@2x.png */; };
		5FDE65CF24401ED500B5766E /* Icon-App-20x20@2x.png in Resources */ = {isa = PBXBuildFile; fileRef = 5FDE65BF24401ED500B5766E /* Icon-App-20x20@2x.png */; };
		5FDE65D12440220A00B5766E /* launch.png in Resources */ = {isa = PBXBuildFile; fileRef = 5FDE65D02440220A00B5766E /* launch.png */; };
		5FDE65D3244023B700B5766E /* Images.xcassets in Resources */ = {isa = PBXBuildFile; fileRef = 5FDE65D2244023B700B5766E /* Images.xcassets */; };
		71255EF516C0326600353319 /* Foundation.framework in Frameworks */ = {isa = PBXBuildFile; fileRef = 71255EF416C0326600353319 /* Foundation.framework */; };
		71255EF716C0326B00353319 /* UIKit.framework in Frameworks */ = {isa = PBXBuildFile; fileRef = 71255EF616C0326B00353319 /* UIKit.framework */; };
		71255EF916C0327000353319 /* CoreGraphics.framework in Frameworks */ = {isa = PBXBuildFile; fileRef = 71255EF816C0327000353319 /* CoreGraphics.framework */; };
		7173F169164F676900F2350A /* main.m in Sources */ = {isa = PBXBuildFile; fileRef = 7173F143164F669300F2350A /* main.m */; };
		7173F208164F6B4500F2350A /* AppDelegate.m in Sources */ = {isa = PBXBuildFile; fileRef = 7173F134164F669300F2350A /* AppDelegate.m */; };
		7173F209164F6B4800F2350A /* ConfigurationViewController.m in Sources */ = {isa = PBXBuildFile; fileRef = 7173F138164F669300F2350A /* ConfigurationViewController.m */; };
		7173F20A164F6B4E00F2350A /* mouse_msgs.mm in Sources */ = {isa = PBXBuildFile; fileRef = 7173F145164F669300F2350A /* mouse_msgs.mm */; };
		7173F20B164F6B5500F2350A /* BackgroundApplication.m in Sources */ = {isa = PBXBuildFile; fileRef = 7173F136164F669300F2350A /* BackgroundApplication.m */; };
		7173F20C164F6D1400F2350A /* SynergyClient.m in Sources */ = {isa = PBXBuildFile; fileRef = 7173F147164F669300F2350A /* SynergyClient.m */; };
		71EA015D16C4C16C00FFF797 /* Default-568h@2x.png in Resources */ = {isa = PBXBuildFile; fileRef = 71EA015C16C4C16C00FFF797 /* Default-568h@2x.png */; };
/* End PBXBuildFile section */

/* Begin PBXFileReference section */
		5FDE65B024401ED400B5766E /* Icon-App-1024x1024.png */ = {isa = PBXFileReference; lastKnownFileType = image.png; path = "Icon-App-1024x1024.png"; sourceTree = "<group>"; };
		5FDE65B124401ED400B5766E /* Icon-App-60x60@2x.png */ = {isa = PBXFileReference; lastKnownFileType = image.png; path = "Icon-App-60x60@2x.png"; sourceTree = "<group>"; };
		5FDE65B224401ED400B5766E /* Icon-App-29x29@2x.png */ = {isa = PBXFileReference; lastKnownFileType = image.png; path = "Icon-App-29x29@2x.png"; sourceTree = "<group>"; };
		5FDE65B324401ED400B5766E /* Icon-App-40x40@2x.png */ = {isa = PBXFileReference; lastKnownFileType = image.png; path = "Icon-App-40x40@2x.png"; sourceTree = "<group>"; };
		5FDE65B424401ED400B5766E /* Icon-App-40x40@3x.png */ = {isa = PBXFileReference; lastKnownFileType = image.png; path = "Icon-App-40x40@3x.png"; sourceTree = "<group>"; };
		5FDE65B524401ED400B5766E /* Icon-App-20x20@1x.png */ = {isa = PBXFileReference; lastKnownFileType = image.png; path = "Icon-App-20x20@1x.png"; sourceTree = "<group>"; };
		5FDE65B624401ED400B5766E /* Icon-App-76x76@1x.png */ = {isa = PBXFileReference; lastKnownFileType = image.png; path = "Icon-App-76x76@1x.png"; sourceTree = "<group>"; };
		5FDE65B724401ED400B5766E /* Icon-App-60x60@1x.png */ = {isa = PBXFileReference; lastKnownFileType = image.png; path = "Icon-App-60x60@1x.png"; sourceTree = "<group>"; };
		5FDE65B824401ED400B5766E /* Icon-App-29x29@3x.png */ = {isa = PBXFileReference; lastKnownFileType = image.png; path = "Icon-App-29x29@3x.png"; sourceTree = "<group>"; };
		5FDE65B924401ED500B5766E /* Icon-App-40x40@1x.png */ = {isa = PBXFileReference; lastKnownFileType = image.png; path = "Icon-App-40x40@1x.png"; sourceTree = "<group>"; };
		5FDE65BA24401ED500B5766E /* Icon-App-20x20@3x.png */ = {isa = PBXFileReference; lastKnownFileType = image.png; path = "Icon-App-20x20@3x.png"; sourceTree = "<group>"; };
		5FDE65BB24401ED500B5766E /* Icon-App-29x29@1x.png */ = {isa = PBXFileReference; lastKnownFileType = image.png; path = "Icon-App-29x29@1x.png"; sourceTree = "<group>"; };
		5FDE65BC24401ED500B5766E /* Icon-App-60x60@3x.png */ = {isa = PBXFileReference; lastKnownFileType = image.png; path = "Icon-App-60x60@3x.png"; sourceTree = "<group>"; };
		5FDE65BD24401ED500B5766E /* Icon-App-83.5x83.5@2x.png */ = {isa = PBXFileReference; lastKnownFileType = image.png; path = "Icon-App-83.5x83.5@2x.png"; sourceTree = "<group>"; };
		5FDE65BE24401ED500B5766E /* Icon-App-76x76@2x.png */ = {isa = PBXFileReference; lastKnownFileType = image.png; path = "Icon-App-76x76@2x.png"; sourceTree = "<group>"; };
		5FDE65BF24401ED500B5766E /* Icon-App-20x20@2x.png */ = {isa = PBXFileReference; lastKnownFileType = image.png; path = "Icon-App-20x20@2x.png"; sourceTree = "<group>"; };
		5FDE65D02440220A00B5766E /* launch.png */ = {isa = PBXFileReference; lastKnownFileType = image.png; path = launch.png; sourceTree = "<group>"; };
		5FDE65D2244023B700B5766E /* Images.xcassets */ = {isa = PBXFileReference; lastKnownFileType = folder.assetcatalog; path = Images.xcassets; sourceTree = "<group>"; };
		710EDE3F16C037D20055E48C /* AppSupport.framework */ = {isa = PBXFileReference; lastKnownFileType = wrapper.framework; name = AppSupport.framework; path = System/Library/PrivateFrameworks/AppSupport.framework; sourceTree = SDKROOT; };
		71255EF416C0326600353319 /* Foundation.framework */ = {isa = PBXFileReference; lastKnownFileType = wrapper.framework; name = Foundation.framework; path = System/Library/Frameworks/Foundation.framework; sourceTree = SDKROOT; };
		71255EF616C0326B00353319 /* UIKit.framework */ = {isa = PBXFileReference; lastKnownFileType = wrapper.framework; name = UIKit.framework; path = System/Library/Frameworks/UIKit.framework; sourceTree = SDKROOT; };
		71255EF816C0327000353319 /* CoreGraphics.framework */ = {isa = PBXFileReference; lastKnownFileType = wrapper.framework; name = CoreGraphics.framework; path = System/Library/Frameworks/CoreGraphics.framework; sourceTree = SDKROOT; };
		7127829F1688DD8A004B13D4 /* hid-support.h */ = {isa = PBXFileReference; fileEncoding = 4; lastKnownFileType = sourcecode.c.h; path = "hid-support.h"; sourceTree = "<group>"; };
		7173F133164F669300F2350A /* AppDelegate.h */ = {isa = PBXFileReference; lastKnownFileType = sourcecode.c.h; name = AppDelegate.h; path = ../AppDelegate.h; sourceTree = "<group>"; };
		7173F134164F669300F2350A /* AppDelegate.m */ = {isa = PBXFileReference; lastKnownFileType = sourcecode.c.objc; name = AppDelegate.m; path = ../AppDelegate.m; sourceTree = "<group>"; };
		7173F135164F669300F2350A /* BackgroundApplication.h */ = {isa = PBXFileReference; lastKnownFileType = sourcecode.c.h; path = BackgroundApplication.h; sourceTree = "<group>"; };
		7173F136164F669300F2350A /* BackgroundApplication.m */ = {isa = PBXFileReference; lastKnownFileType = sourcecode.c.objc; path = BackgroundApplication.m; sourceTree = "<group>"; };
		7173F137164F669300F2350A /* ConfigurationViewController.h */ = {isa = PBXFileReference; lastKnownFileType = sourcecode.c.h; name = ConfigurationViewController.h; path = ../ConfigurationViewController.h; sourceTree = "<group>"; };
		7173F138164F669300F2350A /* ConfigurationViewController.m */ = {isa = PBXFileReference; lastKnownFileType = sourcecode.c.objc; name = ConfigurationViewController.m; path = ../ConfigurationViewController.m; sourceTree = "<group>"; };
		7173F143164F669300F2350A /* main.m */ = {isa = PBXFileReference; lastKnownFileType = sourcecode.c.objc; name = main.m; path = ../main.m; sourceTree = "<group>"; };
		7173F144164F669300F2350A /* mouse_msgs.h */ = {isa = PBXFileReference; lastKnownFileType = sourcecode.c.h; name = mouse_msgs.h; path = ../mouse_msgs.h; sourceTree = "<group>"; };
		7173F145164F669300F2350A /* mouse_msgs.mm */ = {isa = PBXFileReference; lastKnownFileType = sourcecode.cpp.objcpp; name = mouse_msgs.mm; path = ../mouse_msgs.mm; sourceTree = "<group>"; };
		7173F146164F669300F2350A /* SynergyClient.h */ = {isa = PBXFileReference; lastKnownFileType = sourcecode.c.h; path = SynergyClient.h; sourceTree = SOURCE_ROOT; };
		7173F147164F669300F2350A /* SynergyClient.m */ = {isa = PBXFileReference; lastKnownFileType = sourcecode.c.objc; path = SynergyClient.m; sourceTree = SOURCE_ROOT; };
		7173F14F164F671B00F2350A /* SynergyClient.app */ = {isa = PBXFileReference; explicitFileType = wrapper.application; includeInIndex = 0; path = SynergyClient.app; sourceTree = BUILT_PRODUCTS_DIR; };
		7173F204164F6AF000F2350A /* Info.plist */ = {isa = PBXFileReference; fileEncoding = 4; lastKnownFileType = text.plist.xml; path = Info.plist; sourceTree = "<group>"; };
		718EAEDA16C773F20034B963 /* libhidsupport.dylib */ = {isa = PBXFileReference; lastKnownFileType = "compiled.mach-o.dylib"; path = libhidsupport.dylib; sourceTree = "<group>"; };
		718EEFE416826F260063D540 /* _CPPowerAssertion.h */ = {isa = PBXFileReference; fileEncoding = 4; lastKnownFileType = sourcecode.c.h; path = _CPPowerAssertion.h; sourceTree = "<group>"; };
		718EEFE516826F260063D540 /* _CPPowerAssertionThread.h */ = {isa = PBXFileReference; fileEncoding = 4; lastKnownFileType = sourcecode.c.h; path = _CPPowerAssertionThread.h; sourceTree = "<group>"; };
		718EEFE616826F260063D540 /* _ReachabilityRequest.h */ = {isa = PBXFileReference; fileEncoding = 4; lastKnownFileType = sourcecode.c.h; path = _ReachabilityRequest.h; sourceTree = "<group>"; };
		718EEFE716826F260063D540 /* AppSupport-Structs.h */ = {isa = PBXFileReference; fileEncoding = 4; lastKnownFileType = sourcecode.c.h; path = "AppSupport-Structs.h"; sourceTree = "<group>"; };
		718EEFE816826F260063D540 /* AppSupport.h */ = {isa = PBXFileReference; fileEncoding = 4; lastKnownFileType = sourcecode.c.h; path = AppSupport.h; sourceTree = "<group>"; };
		718EEFE916826F260063D540 /* CapturedInvocationTrampoline.h */ = {isa = PBXFileReference; fileEncoding = 4; lastKnownFileType = sourcecode.c.h; path = CapturedInvocationTrampoline.h; sourceTree = "<group>"; };
		718EEFEA16826F260063D540 /* CPAggregateDictionary.h */ = {isa = PBXFileReference; fileEncoding = 4; lastKnownFileType = sourcecode.c.h; path = CPAggregateDictionary.h; sourceTree = "<group>"; };
		718EEFEB16826F260063D540 /* CPCity.h */ = {isa = PBXFileReference; fileEncoding = 4; lastKnownFileType = sourcecode.c.h; path = CPCity.h; sourceTree = "<group>"; };
		718EEFEC16826F260063D540 /* CPDistributedMessagingAsyncOperation.h */ = {isa = PBXFileReference; fileEncoding = 4; lastKnownFileType = sourcecode.c.h; path = CPDistributedMessagingAsyncOperation.h; sourceTree = "<group>"; };
		718EEFED16826F260063D540 /* CPDistributedMessagingCallout.h */ = {isa = PBXFileReference; fileEncoding = 4; lastKnownFileType = sourcecode.c.h; path = CPDistributedMessagingCallout.h; sourceTree = "<group>"; };
		718EEFEE16826F260063D540 /* CPDistributedMessagingCenter.h */ = {isa = PBXFileReference; fileEncoding = 4; lastKnownFileType = sourcecode.c.h; path = CPDistributedMessagingCenter.h; sourceTree = "<group>"; };
		718EEFEF16826F260063D540 /* CPDistributedNotificationCenter.h */ = {isa = PBXFileReference; fileEncoding = 4; lastKnownFileType = sourcecode.c.h; path = CPDistributedNotificationCenter.h; sourceTree = "<group>"; };
		718EEFF016826F260063D540 /* CPExclusiveLock.h */ = {isa = PBXFileReference; fileEncoding = 4; lastKnownFileType = sourcecode.c.h; path = CPExclusiveLock.h; sourceTree = "<group>"; };
		718EEFF116826F260063D540 /* CPFS.h */ = {isa = PBXFileReference; fileEncoding = 4; lastKnownFileType = sourcecode.c.h; path = CPFS.h; sourceTree = "<group>"; };
		718EEFF216826F260063D540 /* CPLRUDictionary.h */ = {isa = PBXFileReference; fileEncoding = 4; lastKnownFileType = sourcecode.c.h; path = CPLRUDictionary.h; sourceTree = "<group>"; };
		718EEFF316826F260063D540 /* CPLRUDictionaryNode.h */ = {isa = PBXFileReference; fileEncoding = 4; lastKnownFileType = sourcecode.c.h; path = CPLRUDictionaryNode.h; sourceTree = "<group>"; };
		718EEFF416826F260063D540 /* CPMIGServerSource.h */ = {isa = PBXFileReference; fileEncoding = 4; lastKnownFileType = sourcecode.c.h; path = CPMIGServerSource.h; sourceTree = "<group>"; };
		718EEFF516826F260063D540 /* CPNetworkObserver.h */ = {isa = PBXFileReference; fileEncoding = 4; lastKnownFileType = sourcecode.c.h; path = CPNetworkObserver.h; sourceTree = "<group>"; };
		718EEFF616826F260063D540 /* CPPhoneNumber.h */ = {isa = PBXFileReference; fileEncoding = 4; lastKnownFileType = sourcecode.c.h; path = CPPhoneNumber.h; sourceTree = "<group>"; };
		718EEFF716826F260063D540 /* CPRecord.h */ = {isa = PBXFileReference; fileEncoding = 4; lastKnownFileType = sourcecode.c.h; path = CPRecord.h; sourceTree = "<group>"; };
		718EEFF816826F260063D540 /* CPRegularExpression.h */ = {isa = PBXFileReference; fileEncoding = 4; lastKnownFileType = sourcecode.c.h; path = CPRegularExpression.h; sourceTree = "<group>"; };
		718EEFF916826F260063D540 /* CPSearchMatcher.h */ = {isa = PBXFileReference; fileEncoding = 4; lastKnownFileType = sourcecode.c.h; path = CPSearchMatcher.h; sourceTree = "<group>"; };
		718EEFFA16826F260063D540 /* CPSqlite.h */ = {isa = PBXFileReference; fileEncoding = 4; lastKnownFileType = sourcecode.c.h; path = CPSqlite.h; sourceTree = "<group>"; };
		718EEFFB16826F260063D540 /* DelayedInvocationTrampoline.h */ = {isa = PBXFileReference; fileEncoding = 4; lastKnownFileType = sourcecode.c.h; path = DelayedInvocationTrampoline.h; sourceTree = "<group>"; };
		718EEFFC16826F260063D540 /* InvocationTrampoline.h */ = {isa = PBXFileReference; fileEncoding = 4; lastKnownFileType = sourcecode.c.h; path = InvocationTrampoline.h; sourceTree = "<group>"; };
		718EEFFD16826F260063D540 /* NSCoding.h */ = {isa = PBXFileReference; fileEncoding = 4; lastKnownFileType = sourcecode.c.h; path = NSCoding.h; sourceTree = "<group>"; };
		718EEFFE16826F260063D540 /* NSCopying.h */ = {isa = PBXFileReference; fileEncoding = 4; lastKnownFileType = sourcecode.c.h; path = NSCopying.h; sourceTree = "<group>"; };
		718EEFFF16826F260063D540 /* NSLocking.h */ = {isa = PBXFileReference; fileEncoding = 4; lastKnownFileType = sourcecode.c.h; path = NSLocking.h; sourceTree = "<group>"; };
		718EF00016826F260063D540 /* NSObject.h */ = {isa = PBXFileReference; fileEncoding = 4; lastKnownFileType = sourcecode.c.h; path = NSObject.h; sourceTree = "<group>"; };
		718EF00116826F260063D540 /* OperationQueueInvocationTrampoline.h */ = {isa = PBXFileReference; fileEncoding = 4; lastKnownFileType = sourcecode.c.h; path = OperationQueueInvocationTrampoline.h; sourceTree = "<group>"; };
		718EF00216826F260063D540 /* PEPServiceConfiguration.h */ = {isa = PBXFileReference; fileEncoding = 4; lastKnownFileType = sourcecode.c.h; path = PEPServiceConfiguration.h; sourceTree = "<group>"; };
		718EF00316826F260063D540 /* ThreadedInvocationTrampoline.h */ = {isa = PBXFileReference; fileEncoding = 4; lastKnownFileType = sourcecode.c.h; path = ThreadedInvocationTrampoline.h; sourceTree = "<group>"; };
		71907DB216C9DD8300AE4F83 /* control */ = {isa = PBXFileReference; fileEncoding = 4; lastKnownFileType = text; path = control; sourceTree = "<group>"; };
		71EA015C16C4C16C00FFF797 /* Default-568h@2x.png */ = {isa = PBXFileReference; lastKnownFileType = image.png; name = "Default-568h@2x.png"; path = "../Default-568h@2x.png"; sourceTree = "<group>"; };
		71F80C39165B6189000546F0 /* Settings.bundle */ = {isa = PBXFileReference; lastKnownFileType = "wrapper.plug-in"; name = Settings.bundle; path = ../Settings.bundle; sourceTree = "<group>"; };
/* End PBXFileReference section */

/* Begin PBXFrameworksBuildPhase section */
		7173F14C164F671B00F2350A /* Frameworks */ = {
			isa = PBXFrameworksBuildPhase;
			buildActionMask = 2147483647;
			files = (
				5FDE65AD243FCF1600B5766E /* AppSupport.framework in Frameworks */,
				71255EF916C0327000353319 /* CoreGraphics.framework in Frameworks */,
				71255EF716C0326B00353319 /* UIKit.framework in Frameworks */,
				5FDE65AC243FCD6900B5766E /* libhidsupport.dylib in Frameworks */,
				71255EF516C0326600353319 /* Foundation.framework in Frameworks */,
			);
			runOnlyForDeploymentPostprocessing = 0;
		};
/* End PBXFrameworksBuildPhase section */

/* Begin PBXGroup section */
		7173F12A164F666400F2350A = {
			isa = PBXGroup;
			children = (
				7173F1F7164F6A3200F2350A /* Utilities */,
				7173F159164F671B00F2350A /* SynergyClient */,
				71907DAF16C9DD8300AE4F83 /* layout */,
				7173F201164F6AF000F2350A /* Resources */,
				7173F152164F671B00F2350A /* Frameworks */,
				7173F150164F671B00F2350A /* Products */,
			);
			sourceTree = "<group>";
		};
		7173F150164F671B00F2350A /* Products */ = {
			isa = PBXGroup;
			children = (
				7173F14F164F671B00F2350A /* SynergyClient.app */,
			);
			name = Products;
			sourceTree = "<group>";
		};
		7173F152164F671B00F2350A /* Frameworks */ = {
			isa = PBXGroup;
			children = (
				710EDE3F16C037D20055E48C /* AppSupport.framework */,
				71255EF816C0327000353319 /* CoreGraphics.framework */,
				71255EF616C0326B00353319 /* UIKit.framework */,
				71255EF416C0326600353319 /* Foundation.framework */,
			);
			name = Frameworks;
			sourceTree = "<group>";
		};
		7173F159164F671B00F2350A /* SynergyClient */ = {
			isa = PBXGroup;
			children = (
				7127829F1688DD8A004B13D4 /* hid-support.h */,
				7173F133164F669300F2350A /* AppDelegate.h */,
				7173F134164F669300F2350A /* AppDelegate.m */,
				7173F137164F669300F2350A /* ConfigurationViewController.h */,
				7173F138164F669300F2350A /* ConfigurationViewController.m */,
				7173F144164F669300F2350A /* mouse_msgs.h */,
				7173F145164F669300F2350A /* mouse_msgs.mm */,
				7173F146164F669300F2350A /* SynergyClient.h */,
				7173F147164F669300F2350A /* SynergyClient.m */,
				5FDE65D2244023B700B5766E /* Images.xcassets */,
				7173F15A164F671B00F2350A /* Supporting Files */,
			);
			path = SynergyClient;
			sourceTree = "<group>";
		};
		7173F15A164F671B00F2350A /* Supporting Files */ = {
			isa = PBXGroup;
			children = (
				7173F143164F669300F2350A /* main.m */,
			);
			name = "Supporting Files";
			sourceTree = "<group>";
		};
		7173F1F7164F6A3200F2350A /* Utilities */ = {
			isa = PBXGroup;
			children = (
				7173F135164F669300F2350A /* BackgroundApplication.h */,
				7173F136164F669300F2350A /* BackgroundApplication.m */,
				718EEFE316826F260063D540 /* AppSupport */,
			);
			name = Utilities;
			sourceTree = "<group>";
		};
		7173F201164F6AF000F2350A /* Resources */ = {
			isa = PBXGroup;
			children = (
				5FDE65D02440220A00B5766E /* launch.png */,
				5FDE65B524401ED400B5766E /* Icon-App-20x20@1x.png */,
				5FDE65BF24401ED500B5766E /* Icon-App-20x20@2x.png */,
				5FDE65BA24401ED500B5766E /* Icon-App-20x20@3x.png */,
				5FDE65BB24401ED500B5766E /* Icon-App-29x29@1x.png */,
				5FDE65B224401ED400B5766E /* Icon-App-29x29@2x.png */,
				5FDE65B824401ED400B5766E /* Icon-App-29x29@3x.png */,
				5FDE65B924401ED500B5766E /* Icon-App-40x40@1x.png */,
				5FDE65B324401ED400B5766E /* Icon-App-40x40@2x.png */,
				5FDE65B424401ED400B5766E /* Icon-App-40x40@3x.png */,
				5FDE65B724401ED400B5766E /* Icon-App-60x60@1x.png */,
				5FDE65B124401ED400B5766E /* Icon-App-60x60@2x.png */,
				5FDE65BC24401ED500B5766E /* Icon-App-60x60@3x.png */,
				5FDE65B624401ED400B5766E /* Icon-App-76x76@1x.png */,
				5FDE65BE24401ED500B5766E /* Icon-App-76x76@2x.png */,
				5FDE65BD24401ED500B5766E /* Icon-App-83.5x83.5@2x.png */,
				5FDE65B024401ED400B5766E /* Icon-App-1024x1024.png */,
				718EAEDA16C773F20034B963 /* libhidsupport.dylib */,
				71F80C39165B6189000546F0 /* Settings.bundle */,
				71EA015C16C4C16C00FFF797 /* Default-568h@2x.png */,
				7173F204164F6AF000F2350A /* Info.plist */,
			);
			path = Resources;
			sourceTree = "<group>";
		};
		718EEFE316826F260063D540 /* AppSupport */ = {
			isa = PBXGroup;
			children = (
				718EEFE416826F260063D540 /* _CPPowerAssertion.h */,
				718EEFE516826F260063D540 /* _CPPowerAssertionThread.h */,
				718EEFE616826F260063D540 /* _ReachabilityRequest.h */,
				718EEFE716826F260063D540 /* AppSupport-Structs.h */,
				718EEFE816826F260063D540 /* AppSupport.h */,
				718EEFE916826F260063D540 /* CapturedInvocationTrampoline.h */,
				718EEFEA16826F260063D540 /* CPAggregateDictionary.h */,
				718EEFEB16826F260063D540 /* CPCity.h */,
				718EEFEC16826F260063D540 /* CPDistributedMessagingAsyncOperation.h */,
				718EEFED16826F260063D540 /* CPDistributedMessagingCallout.h */,
				718EEFEE16826F260063D540 /* CPDistributedMessagingCenter.h */,
				718EEFEF16826F260063D540 /* CPDistributedNotificationCenter.h */,
				718EEFF016826F260063D540 /* CPExclusiveLock.h */,
				718EEFF116826F260063D540 /* CPFS.h */,
				718EEFF216826F260063D540 /* CPLRUDictionary.h */,
				718EEFF316826F260063D540 /* CPLRUDictionaryNode.h */,
				718EEFF416826F260063D540 /* CPMIGServerSource.h */,
				718EEFF516826F260063D540 /* CPNetworkObserver.h */,
				718EEFF616826F260063D540 /* CPPhoneNumber.h */,
				718EEFF716826F260063D540 /* CPRecord.h */,
				718EEFF816826F260063D540 /* CPRegularExpression.h */,
				718EEFF916826F260063D540 /* CPSearchMatcher.h */,
				718EEFFA16826F260063D540 /* CPSqlite.h */,
				718EEFFB16826F260063D540 /* DelayedInvocationTrampoline.h */,
				718EEFFC16826F260063D540 /* InvocationTrampoline.h */,
				718EEFFD16826F260063D540 /* NSCoding.h */,
				718EEFFE16826F260063D540 /* NSCopying.h */,
				718EEFFF16826F260063D540 /* NSLocking.h */,
				718EF00016826F260063D540 /* NSObject.h */,
				718EF00116826F260063D540 /* OperationQueueInvocationTrampoline.h */,
				718EF00216826F260063D540 /* PEPServiceConfiguration.h */,
				718EF00316826F260063D540 /* ThreadedInvocationTrampoline.h */,
			);
			path = AppSupport;
			sourceTree = "<group>";
		};
		71907DAF16C9DD8300AE4F83 /* layout */ = {
			isa = PBXGroup;
			children = (
				71907DB016C9DD8300AE4F83 /* Applications */,
				71907DB116C9DD8300AE4F83 /* DEBIAN */,
			);
			path = layout;
			sourceTree = "<group>";
		};
		71907DB016C9DD8300AE4F83 /* Applications */ = {
			isa = PBXGroup;
			children = (
			);
			path = Applications;
			sourceTree = "<group>";
		};
		71907DB116C9DD8300AE4F83 /* DEBIAN */ = {
			isa = PBXGroup;
			children = (
				71907DB216C9DD8300AE4F83 /* control */,
			);
			path = DEBIAN;
			sourceTree = "<group>";
		};
/* End PBXGroup section */

/* Begin PBXNativeTarget section */
		7173F14E164F671B00F2350A /* SynergyClient */ = {
			isa = PBXNativeTarget;
			buildConfigurationList = 7173F167164F671B00F2350A /* Build configuration list for PBXNativeTarget "SynergyClient" */;
			buildPhases = (
				7173F14B164F671B00F2350A /* Sources */,
				7173F14C164F671B00F2350A /* Frameworks */,
				7173F14D164F671B00F2350A /* Resources */,
			);
			buildRules = (
			);
			dependencies = (
			);
			name = SynergyClient;
			productName = SynergyClient;
			productReference = 7173F14F164F671B00F2350A /* SynergyClient.app */;
			productType = "com.apple.product-type.application";
		};
/* End PBXNativeTarget section */

/* Begin PBXProject section */
		7173F12C164F666400F2350A /* Project object */ = {
			isa = PBXProject;
			attributes = {
				LastUpgradeCheck = 0460;
				TargetAttributes = {
					7173F14E164F671B00F2350A = {
						DevelopmentTeam = 5K985WUQXA;
						ProvisioningStyle = Automatic;
					};
				};
			};
			buildConfigurationList = 7173F12F164F666400F2350A /* Build configuration list for PBXProject "SynergyClient" */;
			compatibilityVersion = "Xcode 3.2";
			developmentRegion = English;
			hasScannedForEncodings = 0;
			knownRegions = (
				English,
				en,
			);
			mainGroup = 7173F12A164F666400F2350A;
			productRefGroup = 7173F150164F671B00F2350A /* Products */;
			projectDirPath = "";
			projectRoot = "";
			targets = (
				7173F14E164F671B00F2350A /* SynergyClient */,
			);
		};
/* End PBXProject section */

/* Begin PBXResourcesBuildPhase section */
		7173F14D164F671B00F2350A /* Resources */ = {
			isa = PBXResourcesBuildPhase;
			buildActionMask = 2147483647;
			files = (
				5FDE65C724401ED500B5766E /* Icon-App-60x60@1x.png in Resources */,
				5FDE65C524401ED500B5766E /* Icon-App-20x20@1x.png in Resources */,
				5FDE65C324401ED500B5766E /* Icon-App-40x40@2x.png in Resources */,
				5FDE65C224401ED500B5766E /* Icon-App-29x29@2x.png in Resources */,
				5FDE65CD24401ED500B5766E /* Icon-App-83.5x83.5@2x.png in Resources */,
				5FDE65CB24401ED500B5766E /* Icon-App-29x29@1x.png in Resources */,
				5FDE65C124401ED500B5766E /* Icon-App-60x60@2x.png in Resources */,
				5FDE65C924401ED500B5766E /* Icon-App-40x40@1x.png in Resources */,
				5FDE65CE24401ED500B5766E /* Icon-App-76x76@2x.png in Resources */,
				5FDE65C824401ED500B5766E /* Icon-App-29x29@3x.png in Resources */,
				5FDE65C424401ED500B5766E /* Icon-App-40x40@3x.png in Resources */,
				71EA015D16C4C16C00FFF797 /* Default-568h@2x.png in Resources */,
				5FDE65D12440220A00B5766E /* launch.png in Resources */,
				5FDE65CF24401ED500B5766E /* Icon-App-20x20@2x.png in Resources */,
				5FDE65C024401ED500B5766E /* Icon-App-1024x1024.png in Resources */,
				5FDE65D3244023B700B5766E /* Images.xcassets in Resources */,
				5FDE65CC24401ED500B5766E /* Icon-App-60x60@3x.png in Resources */,
				5FDE65C624401ED500B5766E /* Icon-App-76x76@1x.png in Resources */,
				5FDE65CA24401ED500B5766E /* Icon-App-20x20@3x.png in Resources */,
			);
			runOnlyForDeploymentPostprocessing = 0;
		};
/* End PBXResourcesBuildPhase section */

/* Begin PBXSourcesBuildPhase section */
		7173F14B164F671B00F2350A /* Sources */ = {
			isa = PBXSourcesBuildPhase;
			buildActionMask = 2147483647;
			files = (
				7173F169164F676900F2350A /* main.m in Sources */,
				7173F208164F6B4500F2350A /* AppDelegate.m in Sources */,
				7173F20C164F6D1400F2350A /* SynergyClient.m in Sources */,
				7173F209164F6B4800F2350A /* ConfigurationViewController.m in Sources */,
				7173F20A164F6B4E00F2350A /* mouse_msgs.mm in Sources */,
				7173F20B164F6B5500F2350A /* BackgroundApplication.m in Sources */,
			);
			runOnlyForDeploymentPostprocessing = 0;
		};
/* End PBXSourcesBuildPhase section */

/* Begin XCBuildConfiguration section */
		7173F131164F666400F2350A /* Debug */ = {
			isa = XCBuildConfiguration;
			buildSettings = {
				ARCHS = (
					arm64,
					arm64e,
				);
				GCC_THUMB_SUPPORT = NO;
				IPHONEOS_DEPLOYMENT_TARGET = 13.4;
				SDKROOT = iphoneos;
				VALID_ARCHS = "arm64 arm64e";
			};
			name = Debug;
		};
		7173F132164F666400F2350A /* Release */ = {
			isa = XCBuildConfiguration;
			buildSettings = {
				ARCHS = (
					arm64,
					arm64e,
				);
				GCC_THUMB_SUPPORT = NO;
				IPHONEOS_DEPLOYMENT_TARGET = 13.4;
				SDKROOT = iphoneos;
				VALID_ARCHS = "arm64 arm64e";
			};
			name = Release;
		};
		7173F165164F671B00F2350A /* Debug */ = {
			isa = XCBuildConfiguration;
			buildSettings = {
				ALWAYS_SEARCH_USER_PATHS = NO;
				ARCHS = (
					arm64e,
					arm64,
				);
				ASSETCATALOG_COMPILER_APPICON_NAME = AppIcon;
				CLANG_CXX_LANGUAGE_STANDARD = "gnu++0x";
				CLANG_ENABLE_OBJC_ARC = YES;
				CLANG_WARN__DUPLICATE_METHOD_MATCH = YES;
				CODE_SIGN_IDENTITY = "iPhone Developer";
				"CODE_SIGN_IDENTITY[sdk=iphoneos*]" = "iPhone Developer";
				CODE_SIGN_STYLE = Automatic;
				COPY_PHASE_STRIP = NO;
				DEVELOPMENT_TEAM = 5K985WUQXA;
				FRAMEWORK_SEARCH_PATHS = (
					"$(inherited)",
					"\"$(SDKROOT)$(SYSTEM_LIBRARY_DIR)/PrivateFrameworks\"",
				);
				GCC_C_LANGUAGE_STANDARD = gnu99;
				GCC_DYNAMIC_NO_PIC = NO;
				GCC_OPTIMIZATION_LEVEL = 0;
				GCC_PRECOMPILE_PREFIX_HEADER = YES;
				GCC_PREFIX_HEADER = "";
				GCC_PREPROCESSOR_DEFINITIONS = (
					"DEBUG=1",
					"$(inherited)",
				);
				GCC_SYMBOLS_PRIVATE_EXTERN = NO;
				GCC_VERSION = com.apple.compilers.llvm.clang.1_0;
				GCC_WARN_ABOUT_RETURN_TYPE = YES;
				GCC_WARN_UNINITIALIZED_AUTOS = YES;
				GCC_WARN_UNUSED_VARIABLE = YES;
				HEADER_SEARCH_PATHS = "$(HIDSUPPORT_SRC)/hidsupport/**";
				INFOPLIST_FILE = Resources/Info.plist;
				IPHONEOS_DEPLOYMENT_TARGET = 13.0;
				LIBRARY_SEARCH_PATHS = (
					"$(inherited)",
					"\"$(SRCROOT)/Resources\"",
					"$(SRCROOT)",
					"\"$(SRCROOT)/SynergyClient\"",
					"$(PROJECT_DIR)/Resources",
				);
				PRODUCT_BUNDLE_IDENTIFIER = me.kritanta.synergyclient;
				PRODUCT_NAME = "$(TARGET_NAME)";
				PROVISIONING_PROFILE_SPECIFIER = "";
				SDKROOT = iphoneos;
				SYSTEM_FRAMEWORK_SEARCH_PATHS = "$(inherited) $(SDKROOT)$(SYSTEM_LIBRARY_DIR)/PrivateFrameworks";
				TARGETED_DEVICE_FAMILY = "1,2";
				VALID_ARCHS = "arm64e arm64";
				WRAPPER_EXTENSION = app;
			};
			name = Debug;
		};
		7173F166164F671B00F2350A /* Release */ = {
			isa = XCBuildConfiguration;
			buildSettings = {
				ALWAYS_SEARCH_USER_PATHS = NO;
				ARCHS = (
					arm64e,
					arm64,
				);
				ASSETCATALOG_COMPILER_APPICON_NAME = AppIcon;
				CLANG_CXX_LANGUAGE_STANDARD = "gnu++0x";
				CLANG_ENABLE_OBJC_ARC = YES;
				CLANG_WARN__DUPLICATE_METHOD_MATCH = YES;
				CODE_SIGN_IDENTITY = "iPhone Developer";
				"CODE_SIGN_IDENTITY[sdk=iphoneos*]" = "iPhone Developer";
				CODE_SIGN_STYLE = Automatic;
				COPY_PHASE_STRIP = YES;
				DEVELOPMENT_TEAM = 5K985WUQXA;
				FRAMEWORK_SEARCH_PATHS = (
					"$(inherited)",
					"\"$(SDKROOT)$(SYSTEM_LIBRARY_DIR)/PrivateFrameworks\"",
				);
				GCC_C_LANGUAGE_STANDARD = gnu99;
				GCC_PRECOMPILE_PREFIX_HEADER = YES;
				GCC_PREFIX_HEADER = "";
				GCC_VERSION = com.apple.compilers.llvm.clang.1_0;
				GCC_WARN_ABOUT_RETURN_TYPE = YES;
				GCC_WARN_UNINITIALIZED_AUTOS = YES;
				GCC_WARN_UNUSED_VARIABLE = YES;
				HEADER_SEARCH_PATHS = "$(HIDSUPPORT_SRC)/hidsupport/**";
				INFOPLIST_FILE = Resources/Info.plist;
				IPHONEOS_DEPLOYMENT_TARGET = 13.0;
				LIBRARY_SEARCH_PATHS = (
					"$(inherited)",
					"\"$(SRCROOT)/Resources\"",
					"$(SRCROOT)",
					"\"$(SRCROOT)/SynergyClient\"",
					"$(PROJECT_DIR)/Resources",
				);
				OTHER_CFLAGS = "-DNS_BLOCK_ASSERTIONS=1";
				PRODUCT_BUNDLE_IDENTIFIER = me.kritanta.synergyclient;
				PRODUCT_NAME = "$(TARGET_NAME)";
				PROVISIONING_PROFILE_SPECIFIER = "";
				SDKROOT = iphoneos;
				SYSTEM_FRAMEWORK_SEARCH_PATHS = "$(inherited) $(SDKROOT)$(SYSTEM_LIBRARY_DIR)/PrivateFrameworks";
				TARGETED_DEVICE_FAMILY = "1,2";
				VALIDATE_PRODUCT = NO;
				VALID_ARCHS = "arm64e arm64";
				WRAPPER_EXTENSION = app;
			};
			name = Release;
		};
/* End XCBuildConfiguration section */

/* Begin XCConfigurationList section */
		7173F12F164F666400F2350A /* Build configuration list for PBXProject "SynergyClient" */ = {
			isa = XCConfigurationList;
			buildConfigurations = (
				7173F131164F666400F2350A /* Debug */,
				7173F132164F666400F2350A /* Release */,
			);
			defaultConfigurationIsVisible = 0;
			defaultConfigurationName = Release;
		};
		7173F167164F671B00F2350A /* Build configuration list for PBXNativeTarget "SynergyClient" */ = {
			isa = XCConfigurationList;
			buildConfigurations = (
				7173F165164F671B00F2350A /* Debug */,
				7173F166164F671B00F2350A /* Release */,
			);
			defaultConfigurationIsVisible = 0;
			defaultConfigurationName = Release;
		};
/* End XCConfigurationList section */
	};
	rootObject = 7173F12C164F666400F2350A /* Project object */;
}
